
Microsoft Visual Studio Solution File, Format Version 12.00
# Visual Studio Version 17
VisualStudioVersion = 17.10.35027.167
MinimumVisualStudioVersion = 10.0.40219.1
Project("{FAE04EC0-301F-11D3-BF4B-00C04F79EFBC}") = "BasicDataTemplateSample", "BasicDataTemplateSample.csproj", "{B6BC35C5-8DD5-4378-B7B1-8C16C0BF8643}"
EndProject
Global
	GlobalSection(SolutionConfigurationPlatforms) = preSolution
		Debug|Any CPU = Debug|Any CPU
		Release|Any CPU = Release|Any CPU
	EndGlobalSection
	GlobalSection(ProjectConfigurationPlatforms) = postSolution
		{B6BC35C5-8DD5-4378-B7B1-8C16C0BF8643}.Debug|Any CPU.ActiveCfg = Debug|Any CPU
		{B6BC35C5-8DD5-4378-B7B1-8C16C0BF8643}.Debug|Any CPU.Build.0 = Debug|Any CPU
		{B6BC35C5-8DD5-4378-B7B1-8C16C0BF8643}.Release|Any CPU.ActiveCfg = Release|Any CPU
		{B6BC35C5-8DD5-4378-B7B1-8C16C0BF8643}.Release|Any CPU.Build.0 = Release|Any CPU
	EndGlobalSection
	GlobalSection(SolutionProperties) = preSolution
		HideSolutionNode = FALSE
	EndGlobalSection
	GlobalSection(ExtensibilityGlobals) = postSolution
		SolutionGuid = {538BA5B9-6792-4371-B07A-2AFAD3FA2A24}
	EndGlobalSection
EndGlobal
